<?xml version="1.0" encoding="UTF-8"?>
<Scheme
   LastUpgradeVersion = "0720"
   version = "1.3">
   <BuildAction
      parallelizeBuildables = "YES"
      buildImplicitDependencies = "YES">
      <BuildActionEntries>
         <BuildActionEntry
            buildForTesting = "YES"
            buildForRunning = "YES"
            buildForProfiling = "YES"
            buildForArchiving = "YES"
            buildForAnalyzing = "YES">
            <BuildableReference
               BuildableIdentifier = "primary"
               BlueprintIdentifier = "253E31AF1C472C4000A1752A"
               BuildableName = "ArmaTuPizzaDesdeAppleWatch WatchKit App.app"
               BlueprintName = "ArmaTuPizzaDesdeAppleWatch WatchKit App"
               ReferencedContainer = "container:ArmaTuPizzaDesdeAppleWatch.xcodeproj">
            </BuildableReference>
         </BuildActionEntry>
         <BuildActionEntry
            buildForTesting = "YES"
            buildForRunning = "YES"
            buildForProfiling = "YES"
            buildForArchiving = "YES"
            buildForAnalyzing = "YES">
            <BuildableReference
               BuildableIdentifier = "primary"
               BlueprintIdentifier = "253E31BE1C472C4000A1752A"
               BuildableName = "ArmaTuPizzaDesdeAppleWatch WatchKit Extension.appex"
               BlueprintName = "ArmaTuPizzaDesdeAppleWatch WatchKit Extension"
               ReferencedContainer = "container:ArmaTuPizzaDesdeAppleWatch.xcodeproj">
            </BuildableReference>
         </BuildActionEntry>
         <BuildActionEntry
            buildForTesting = "YES"
            buildForRunning = "YES"
            buildForProfiling = "YES"
            buildForArchiving = "YES"
            buildForAnalyzing = "YES">
            <BuildableReference
               BuildableIdentifier = "primary"
               BlueprintIdentifier = "253E319D1C472C3F00A1752A"
               BuildableName = "ArmaTuPizzaDesdeAppleWatch.app"
               BlueprintName = "ArmaTuPizzaDesdeAppleWatch"
               ReferencedContainer = "container:ArmaTuPizzaDesdeAppleWatch.xcodeproj">
            </BuildableReference>
         </BuildActionEntry>
      </BuildActionEntries>
   </BuildAction>
   <TestAction
      buildConfiguration = "Debug"
      selectedDebuggerIdentifier = "Xcode.DebuggerFoundation.Debugger.LLDB"
      selectedLauncherIdentifier = "Xcode.DebuggerFoundation.Launcher.LLDB"
      shouldUseLaunchSchemeArgsEnv = "YES">
      <Testables>
      </Testables>
      <MacroExpansion>
         <BuildableReference
            BuildableIdentifier = "primary"
            BlueprintIdentifier = "253E31AF1C472C4000A1752A"
            BuildableName = "ArmaTuPizzaDesdeAppleWatch WatchKit App.app"
            BlueprintName = "ArmaTuPizzaDesdeAppleWatch WatchKit App"
            ReferencedContainer = "container:ArmaTuPizzaDesdeAppleWatch.xcodeproj">
         </BuildableReference>
      </MacroExpansion>
      <AdditionalOptions>
      </AdditionalOptions>
   </TestAction>
   <LaunchAction
      buildConfiguration = "Debug"
      selectedDebuggerIdentifier = "Xcode.DebuggerFoundation.Debugger.LLDB"
      selectedLauncherIdentifier = "Xcode.DebuggerFoundation.Launcher.LLDB"
      launchStyle = "0"
      useCustomWorkingDirectory = "NO"
      ignoresPersistentStateOnLaunch = "NO"
      debugDocumentVersioning = "YES"
      debugServiceExtension = "internal"
      allowLocationSimulation = "YES">
      <RemoteRunnable
         runnableDebuggingMode = "2"
         BundleIdentifier = "com.apple.carousel"
         RemotePath = "/ArmaTuPizzaDesdeAppleWatch WatchKit App">
         <BuildableReference
            BuildableIdentifier = "primary"
            BlueprintIdentifier = "253E31AF1C472C4000A1752A"
            BuildableName = "ArmaTuPizzaDesdeAppleWatch WatchKit App.app"
            BlueprintName = "ArmaTuPizzaDesdeAppleWatch WatchKit App"
            ReferencedContainer = "container:ArmaTuPizzaDesdeAppleWatch.xcodeproj">
         </BuildableReference>
      </RemoteRunnable>
      <MacroExpansion>
         <BuildableReference
            BuildableIdentifier = "primary"
            BlueprintIdentifier = "253E31AF1C472C4000A1752A"
            BuildableName = "ArmaTuPizzaDesdeAppleWatch WatchKit App.app"
            BlueprintName = "ArmaTuPizzaDesdeAppleWatch WatchKit App"
            ReferencedContainer = "container:ArmaTuPizzaDesdeAppleWatch.xcodeproj">
         </BuildableReference>
      </MacroExpansion>
      <AdditionalOptions>
      </AdditionalOptions>
   </LaunchAction>
   <ProfileAction
      buildConfiguration = "Release"
      shouldUseLaunchSchemeArgsEnv = "YES"
      savedToolIdentifier = ""
      useCustomWorkingDirectory = "NO"
      debugDocumentVersioning = "YES">
      <RemoteRunnable
         runnableDebuggingMode = "2"
         BundleIdentifier = "com.apple.carousel"
         RemotePath = "/ArmaTuPizzaDesdeAppleWatch WatchKit App">
         <BuildableReference
            BuildableIdentifier = "primary"
            BlueprintIdentifier = "253E31AF1C472C4000A1752A"
            BuildableName = "ArmaTuPizzaDesdeAppleWatch WatchKit App.app"
            BlueprintName = "ArmaTuPizzaDesdeAppleWatch WatchKit App"
            ReferencedContainer = "container:ArmaTuPizzaDesdeAppleWatch.xcodeproj">
         </BuildableReference>
      </RemoteRunnable>
      <MacroExpansion>
         <BuildableReference
            BuildableIdentifier = "primary"
            BlueprintIdentifier = "253E31AF1C472C4000A1752A"
            BuildableName = "ArmaTuPizzaDesdeAppleWatch WatchKit App.app"
            BlueprintName = "ArmaTuPizzaDesdeAppleWatch WatchKit App"
            ReferencedContainer = "container:ArmaTuPizzaDesdeAppleWatch.xcodeproj">
         </BuildableReference>
      </MacroExpansion>
   </ProfileAction>
   <AnalyzeAction
      buildConfiguration = "Debug">
   </AnalyzeAction>
   <ArchiveAction
      buildConfiguration = "Release"
      revealArchiveInOrganizer = "YES">
   </ArchiveAction>
</Scheme>
